
Microsoft Visual Studio Solution File, Format Version 12.00
# Visual Studio Version 16
VisualStudioVersion = 16.0.30413.136
MinimumVisualStudioVersion = 10.0.40219.1
Project("{FAE04EC0-301F-11D3-BF4B-00C04F79EFBC}") = "WSExamen", "WSExamen\WSExamen.csproj", "{30B0AC7D-5F2E-4F5B-89AE-C03BC7E37BEA}"
EndProject
Project("{FAE04EC0-301F-11D3-BF4B-00C04F79EFBC}") = "Catalog", "Catalog\Catalog.csproj", "{ECA26B12-1808-4398-BBCA-4F50F71F905C}"
	ProjectSection(ProjectDependencies) = postProject
		{30B0AC7D-5F2E-4F5B-89AE-C03BC7E37BEA} = {30B0AC7D-5F2E-4F5B-89AE-C03BC7E37BEA}
	EndProjectSection
EndProject
Global
	GlobalSection(SolutionConfigurationPlatforms) = preSolution
		Debug|Any CPU = Debug|Any CPU
		Release|Any CPU = Release|Any CPU
	EndGlobalSection
	GlobalSection(ProjectConfigurationPlatforms) = postSolution
		{30B0AC7D-5F2E-4F5B-89AE-C03BC7E37BEA}.Debug|Any CPU.ActiveCfg = Debug|Any CPU
		{30B0AC7D-5F2E-4F5B-89AE-C03BC7E37BEA}.Debug|Any CPU.Build.0 = Debug|Any CPU
		{30B0AC7D-5F2E-4F5B-89AE-C03BC7E37BEA}.Release|Any CPU.ActiveCfg = Release|Any CPU
		{30B0AC7D-5F2E-4F5B-89AE-C03BC7E37BEA}.Release|Any CPU.Build.0 = Release|Any CPU
		{ECA26B12-1808-4398-BBCA-4F50F71F905C}.Debug|Any CPU.ActiveCfg = Debug|Any CPU
		{ECA26B12-1808-4398-BBCA-4F50F71F905C}.Debug|Any CPU.Build.0 = Debug|Any CPU
		{ECA26B12-1808-4398-BBCA-4F50F71F905C}.Release|Any CPU.ActiveCfg = Release|Any CPU
		{ECA26B12-1808-4398-BBCA-4F50F71F905C}.Release|Any CPU.Build.0 = Release|Any CPU
	EndGlobalSection
	GlobalSection(SolutionProperties) = preSolution
		HideSolutionNode = FALSE
	EndGlobalSection
	GlobalSection(ExtensibilityGlobals) = postSolution
		SolutionGuid = {A3DF6EAB-2611-4F8E-9112-CE1C98D9DF13}
	EndGlobalSection
EndGlobal
